
Microsoft Visual Studio Solution File, Format Version 12.00
# Visual Studio Version 17
VisualStudioVersion = 17.8.34309.116
MinimumVisualStudioVersion = 10.0.40219.1
Project("{9A19103F-16F7-4668-BE54-9A1E7A4F7556}") = "Core.Project", "Core.Project\Core.Project.csproj", "{C94600E9-723C-41BF-9886-E6635F1327F5}"
EndProject
Project("{9A19103F-16F7-4668-BE54-9A1E7A4F7556}") = "Models.Layer", "Models.Layer\Models.Layer.csproj", "{232983A5-9246-48AB-95B2-095B3D010066}"
EndProject
Project("{9A19103F-16F7-4668-BE54-9A1E7A4F7556}") = "Repositories.Layer", "Repositories.Layer\Repositories.Layer.csproj", "{799C3F60-DD2C-4AB7-85A2-9B50166B935C}"
EndProject
Project("{9A19103F-16F7-4668-BE54-9A1E7A4F7556}") = "Services.Layer", "Services.Layer\Services.Layer.csproj", "{200F36CC-0FD2-455D-A9AA-4728C07C37A2}"
EndProject
Project("{FAE04EC0-301F-11D3-BF4B-00C04F79EFBC}") = "Core.Project.API", "Core.Project.API\Core.Project.API.csproj", "{1C99FFB2-6F3E-4490-ACA7-9BAAE1452029}"
EndProject
Global
	GlobalSection(SolutionConfigurationPlatforms) = preSolution
		Debug|Any CPU = Debug|Any CPU
		Release|Any CPU = Release|Any CPU
	EndGlobalSection
	GlobalSection(ProjectConfigurationPlatforms) = postSolution
		{C94600E9-723C-41BF-9886-E6635F1327F5}.Debug|Any CPU.ActiveCfg = Debug|Any CPU
		{C94600E9-723C-41BF-9886-E6635F1327F5}.Debug|Any CPU.Build.0 = Debug|Any CPU
		{C94600E9-723C-41BF-9886-E6635F1327F5}.Release|Any CPU.ActiveCfg = Release|Any CPU
		{C94600E9-723C-41BF-9886-E6635F1327F5}.Release|Any CPU.Build.0 = Release|Any CPU
		{232983A5-9246-48AB-95B2-095B3D010066}.Debug|Any CPU.ActiveCfg = Debug|Any CPU
		{232983A5-9246-48AB-95B2-095B3D010066}.Debug|Any CPU.Build.0 = Debug|Any CPU
		{232983A5-9246-48AB-95B2-095B3D010066}.Release|Any CPU.ActiveCfg = Release|Any CPU
		{232983A5-9246-48AB-95B2-095B3D010066}.Release|Any CPU.Build.0 = Release|Any CPU
		{799C3F60-DD2C-4AB7-85A2-9B50166B935C}.Debug|Any CPU.ActiveCfg = Debug|Any CPU
		{799C3F60-DD2C-4AB7-85A2-9B50166B935C}.Debug|Any CPU.Build.0 = Debug|Any CPU
		{799C3F60-DD2C-4AB7-85A2-9B50166B935C}.Release|Any CPU.ActiveCfg = Release|Any CPU
		{799C3F60-DD2C-4AB7-85A2-9B50166B935C}.Release|Any CPU.Build.0 = Release|Any CPU
		{200F36CC-0FD2-455D-A9AA-4728C07C37A2}.Debug|Any CPU.ActiveCfg = Debug|Any CPU
		{200F36CC-0FD2-455D-A9AA-4728C07C37A2}.Debug|Any CPU.Build.0 = Debug|Any CPU
		{200F36CC-0FD2-455D-A9AA-4728C07C37A2}.Release|Any CPU.ActiveCfg = Release|Any CPU
		{200F36CC-0FD2-455D-A9AA-4728C07C37A2}.Release|Any CPU.Build.0 = Release|Any CPU
		{1C99FFB2-6F3E-4490-ACA7-9BAAE1452029}.Debug|Any CPU.ActiveCfg = Debug|Any CPU
		{1C99FFB2-6F3E-4490-ACA7-9BAAE1452029}.Debug|Any CPU.Build.0 = Debug|Any CPU
		{1C99FFB2-6F3E-4490-ACA7-9BAAE1452029}.Release|Any CPU.ActiveCfg = Release|Any CPU
		{1C99FFB2-6F3E-4490-ACA7-9BAAE1452029}.Release|Any CPU.Build.0 = Release|Any CPU
	EndGlobalSection
	GlobalSection(SolutionProperties) = preSolution
		HideSolutionNode = FALSE
	EndGlobalSection
	GlobalSection(ExtensibilityGlobals) = postSolution
		SolutionGuid = {9114E0C2-8B4B-4C7E-AB2C-F1BF5DEE662A}
	EndGlobalSection
EndGlobal
